
Microsoft Visual Studio Solution File, Format Version 12.00
# Visual Studio Version 17
VisualStudioVersion = 17.7.34031.279
MinimumVisualStudioVersion = 10.0.40219.1
Project("{FAE04EC0-301F-11D3-BF4B-00C04F79EFBC}") = "LanguageCenterManage", "LanguageCenterManage\LanguageCenterManage.csproj", "{234C1298-DFF2-4225-A5F1-925FAB377D37}"
EndProject
Global
	GlobalSection(SolutionConfigurationPlatforms) = preSolution
		Debug|Any CPU = Debug|Any CPU
		Release|Any CPU = Release|Any CPU
	EndGlobalSection
	GlobalSection(ProjectConfigurationPlatforms) = postSolution
		{234C1298-DFF2-4225-A5F1-925FAB377D37}.Debug|Any CPU.ActiveCfg = Debug|Any CPU
		{234C1298-DFF2-4225-A5F1-925FAB377D37}.Debug|Any CPU.Build.0 = Debug|Any CPU
		{234C1298-DFF2-4225-A5F1-925FAB377D37}.Release|Any CPU.ActiveCfg = Release|Any CPU
		{234C1298-DFF2-4225-A5F1-925FAB377D37}.Release|Any CPU.Build.0 = Release|Any CPU
	EndGlobalSection
	GlobalSection(SolutionProperties) = preSolution
		HideSolutionNode = FALSE
	EndGlobalSection
	GlobalSection(ExtensibilityGlobals) = postSolution
		SolutionGuid = {D796DA1A-34DC-4138-8056-9EA2F61A03FF}
	EndGlobalSection
EndGlobal
